
Microsoft Visual Studio Solution File, Format Version 12.00
# Visual Studio Version 17
VisualStudioVersion = 17.6.33723.286
MinimumVisualStudioVersion = 10.0.40219.1
Project("{888888A0-9F3D-457C-B088-3A5042F75D52}") = "Lession2_recipes", "Lession2_recipes.pyproj", "{FED85426-F145-4C95-8E9C-70E0DFDC92DF}"
EndProject
Global
	GlobalSection(SolutionConfigurationPlatforms) = preSolution
		Debug|Any CPU = Debug|Any CPU
		Release|Any CPU = Release|Any CPU
	EndGlobalSection
	GlobalSection(ProjectConfigurationPlatforms) = postSolution
		{FED85426-F145-4C95-8E9C-70E0DFDC92DF}.Debug|Any CPU.ActiveCfg = Debug|Any CPU
		{FED85426-F145-4C95-8E9C-70E0DFDC92DF}.Debug|Any CPU.Build.0 = Debug|Any CPU
		{FED85426-F145-4C95-8E9C-70E0DFDC92DF}.Release|Any CPU.ActiveCfg = Release|Any CPU
		{FED85426-F145-4C95-8E9C-70E0DFDC92DF}.Release|Any CPU.Build.0 = Release|Any CPU
	EndGlobalSection
	GlobalSection(SolutionProperties) = preSolution
		HideSolutionNode = FALSE
	EndGlobalSection
	GlobalSection(ExtensibilityGlobals) = postSolution
		SolutionGuid = {30B04A09-397B-462B-AB1A-DB95FD91C6C4}
	EndGlobalSection
EndGlobal
